
Microsoft Visual Studio Solution File, Format Version 12.00
# Visual Studio Version 17
VisualStudioVersion = 17.3.32929.385
MinimumVisualStudioVersion = 10.0.40219.1
Project("{FAE04EC0-301F-11D3-BF4B-00C04F79EFBC}") = "lab_5.1", "lab_5.1\lab_5.1.csproj", "{362A4833-24E0-4385-B44C-90A89DCE54C0}"
EndProject
Global
	GlobalSection(SolutionConfigurationPlatforms) = preSolution
		Debug|Any CPU = Debug|Any CPU
		Release|Any CPU = Release|Any CPU
	EndGlobalSection
	GlobalSection(ProjectConfigurationPlatforms) = postSolution
		{362A4833-24E0-4385-B44C-90A89DCE54C0}.Debug|Any CPU.ActiveCfg = Debug|Any CPU
		{362A4833-24E0-4385-B44C-90A89DCE54C0}.Debug|Any CPU.Build.0 = Debug|Any CPU
		{362A4833-24E0-4385-B44C-90A89DCE54C0}.Release|Any CPU.ActiveCfg = Release|Any CPU
		{362A4833-24E0-4385-B44C-90A89DCE54C0}.Release|Any CPU.Build.0 = Release|Any CPU
	EndGlobalSection
	GlobalSection(SolutionProperties) = preSolution
		HideSolutionNode = FALSE
	EndGlobalSection
	GlobalSection(ExtensibilityGlobals) = postSolution
		SolutionGuid = {F731185D-1DF0-40BA-939A-3C49820EE344}
	EndGlobalSection
EndGlobal
